// !$*UTF8*$!
{
	archiveVersion = 1;
	classes = {
	};
	objectVersion = 56;
	objects = {

/* Begin PBXBuildFile section */
		21203D2729AF386300F72BD6 /* AppDelegate.swift in Sources */ = {isa = PBXBuildFile; fileRef = 21203D2629AF386300F72BD6 /* AppDelegate.swift */; };
		21203D2929AF386300F72BD6 /* SceneDelegate.swift in Sources */ = {isa = PBXBuildFile; fileRef = 21203D2829AF386300F72BD6 /* SceneDelegate.swift */; };
		21203D2B29AF386300F72BD6 /* ViewController.swift in Sources */ = {isa = PBXBuildFile; fileRef = 21203D2A29AF386300F72BD6 /* ViewController.swift */; };
		21203D2E29AF386300F72BD6 /* Main.storyboard in Resources */ = {isa = PBXBuildFile; fileRef = 21203D2C29AF386300F72BD6 /* Main.storyboard */; };
		21203D3029AF386700F72BD6 /* Assets.xcassets in Resources */ = {isa = PBXBuildFile; fileRef = 21203D2F29AF386700F72BD6 /* Assets.xcassets */; };
		21203D3329AF386700F72BD6 /* LaunchScreen.storyboard in Resources */ = {isa = PBXBuildFile; fileRef = 21203D3129AF386700F72BD6 /* LaunchScreen.storyboard */; };
		21203D4129AF3A3E00F72BD6 /* ParseSwift in Frameworks */ = {isa = PBXBuildFile; productRef = 21203D4029AF3A3E00F72BD6 /* ParseSwift */; };
		21203D4429AF3A6300F72BD6 /* AlamofireImage in Frameworks */ = {isa = PBXBuildFile; productRef = 21203D4329AF3A6300F72BD6 /* AlamofireImage */; };
		21203D4629AF3E0500F72BD6 /* LoginViewController.swift in Sources */ = {isa = PBXBuildFile; fileRef = 21203D4529AF3E0500F72BD6 /* LoginViewController.swift */; };
		21203D4829AF3E3C00F72BD6 /* SignUpViewController.swift in Sources */ = {isa = PBXBuildFile; fileRef = 21203D4729AF3E3C00F72BD6 /* SignUpViewController.swift */; };
		21203D4A29AF435C00F72BD6 /* FeedViewController.swift in Sources */ = {isa = PBXBuildFile; fileRef = 21203D4929AF435C00F72BD6 /* FeedViewController.swift */; };
		21203D4C29AF436F00F72BD6 /* PostViewController.swift in Sources */ = {isa = PBXBuildFile; fileRef = 21203D4B29AF436F00F72BD6 /* PostViewController.swift */; };
		21C1372B29AF617C00951493 /* PostCell.swift in Sources */ = {isa = PBXBuildFile; fileRef = 21C1372A29AF617C00951493 /* PostCell.swift */; };
		21C1372F29AF661500951493 /* InitialsImageView in Frameworks */ = {isa = PBXBuildFile; productRef = 21C1372E29AF661500951493 /* InitialsImageView */; };
		21C1373129AF735800951493 /* User.swift in Sources */ = {isa = PBXBuildFile; fileRef = 21C1373029AF735800951493 /* User.swift */; };
		21C1373329AF736700951493 /* Post.swift in Sources */ = {isa = PBXBuildFile; fileRef = 21C1373229AF736700951493 /* Post.swift */; };
		21C1373629AF7F2000951493 /* DateFormatter.swift in Sources */ = {isa = PBXBuildFile; fileRef = 21C1373529AF7F2000951493 /* DateFormatter.swift */; };
		21C1373829B824CE00951493 /* ViewController+Extensions.swift in Sources */ = {isa = PBXBuildFile; fileRef = 21C1373729B824CE00951493 /* ViewController+Extensions.swift */; };
/* End PBXBuildFile section */

/* Begin PBXFileReference section */
		21203D2329AF386300F72BD6 /* BeReal Clone.app */ = {isa = PBXFileReference; explicitFileType = wrapper.application; includeInIndex = 0; path = "BeReal Clone.app"; sourceTree = BUILT_PRODUCTS_DIR; };
		21203D2629AF386300F72BD6 /* AppDelegate.swift */ = {isa = PBXFileReference; lastKnownFileType = sourcecode.swift; path = AppDelegate.swift; sourceTree = "<group>"; };
		21203D2829AF386300F72BD6 /* SceneDelegate.swift */ = {isa = PBXFileReference; lastKnownFileType = sourcecode.swift; path = SceneDelegate.swift; sourceTree = "<group>"; };
		21203D2A29AF386300F72BD6 /* ViewController.swift */ = {isa = PBXFileReference; lastKnownFileType = sourcecode.swift; path = ViewController.swift; sourceTree = "<group>"; };
		21203D2D29AF386300F72BD6 /* Base */ = {isa = PBXFileReference; lastKnownFileType = file.storyboard; name = Base; path = Base.lproj/Main.storyboard; sourceTree = "<group>"; };
		21203D2F29AF386700F72BD6 /* Assets.xcassets */ = {isa = PBXFileReference; lastKnownFileType = folder.assetcatalog; path = Assets.xcassets; sourceTree = "<group>"; };
		21203D3229AF386700F72BD6 /* Base */ = {isa = PBXFileReference; lastKnownFileType = file.storyboard; name = Base; path = Base.lproj/LaunchScreen.storyboard; sourceTree = "<group>"; };
		21203D3429AF386700F72BD6 /* Info.plist */ = {isa = PBXFileReference; lastKnownFileType = text.plist.xml; path = Info.plist; sourceTree = "<group>"; };
		21203D4529AF3E0500F72BD6 /* LoginViewController.swift */ = {isa = PBXFileReference; lastKnownFileType = sourcecode.swift; path = LoginViewController.swift; sourceTree = "<group>"; };
		21203D4729AF3E3C00F72BD6 /* SignUpViewController.swift */ = {isa = PBXFileReference; lastKnownFileType = sourcecode.swift; path = SignUpViewController.swift; sourceTree = "<group>"; };
		21203D4929AF435C00F72BD6 /* FeedViewController.swift */ = {isa = PBXFileReference; lastKnownFileType = sourcecode.swift; path = FeedViewController.swift; sourceTree = "<group>"; };
		21203D4B29AF436F00F72BD6 /* PostViewController.swift */ = {isa = PBXFileReference; lastKnownFileType = sourcecode.swift; path = PostViewController.swift; sourceTree = "<group>"; };
		21C1372A29AF617C00951493 /* PostCell.swift */ = {isa = PBXFileReference; lastKnownFileType = sourcecode.swift; path = PostCell.swift; sourceTree = "<group>"; };
		21C1373029AF735800951493 /* User.swift */ = {isa = PBXFileReference; lastKnownFileType = sourcecode.swift; path = User.swift; sourceTree = "<group>"; };
		21C1373229AF736700951493 /* Post.swift */ = {isa = PBXFileReference; lastKnownFileType = sourcecode.swift; path = Post.swift; sourceTree = "<group>"; };
		21C1373529AF7F2000951493 /* DateFormatter.swift */ = {isa = PBXFileReference; lastKnownFileType = sourcecode.swift; path = DateFormatter.swift; sourceTree = "<group>"; };
		21C1373729B824CE00951493 /* ViewController+Extensions.swift */ = {isa = PBXFileReference; lastKnownFileType = sourcecode.swift; path = "ViewController+Extensions.swift"; sourceTree = "<group>"; };
/* End PBXFileReference section */

/* Begin PBXFrameworksBuildPhase section */
		21203D2029AF386300F72BD6 /* Frameworks */ = {
			isa = PBXFrameworksBuildPhase;
			buildActionMask = 2147483647;
			files = (
				21203D4129AF3A3E00F72BD6 /* ParseSwift in Frameworks */,
				21203D4429AF3A6300F72BD6 /* AlamofireImage in Frameworks */,
				21C1372F29AF661500951493 /* InitialsImageView in Frameworks */,
			);
			runOnlyForDeploymentPostprocessing = 0;
		};
/* End PBXFrameworksBuildPhase section */

/* Begin PBXGroup section */
		21203D1A29AF386200F72BD6 = {
			isa = PBXGroup;
			children = (
				21203D2529AF386300F72BD6 /* BeReal Clone */,
				21203D2429AF386300F72BD6 /* Products */,
			);
			sourceTree = "<group>";
		};
		21203D2429AF386300F72BD6 /* Products */ = {
			isa = PBXGroup;
			children = (
				21203D2329AF386300F72BD6 /* BeReal Clone.app */,
			);
			name = Products;
			sourceTree = "<group>";
		};
		21203D2529AF386300F72BD6 /* BeReal Clone */ = {
			isa = PBXGroup;
			children = (
				21203D2629AF386300F72BD6 /* AppDelegate.swift */,
				21203D2829AF386300F72BD6 /* SceneDelegate.swift */,
				21203D3A29AF389D00F72BD6 /* models */,
				21203D3B29AF38A500F72BD6 /* Login */,
				21203D3C29AF38AF00F72BD6 /* Feed */,
				21203D3D29AF38B800F72BD6 /* Post */,
				21203D3E29AF390700F72BD6 /* Extensions */,
				21203D2A29AF386300F72BD6 /* ViewController.swift */,
				21203D2C29AF386300F72BD6 /* Main.storyboard */,
				21203D2F29AF386700F72BD6 /* Assets.xcassets */,
				21203D3129AF386700F72BD6 /* LaunchScreen.storyboard */,
				21203D3429AF386700F72BD6 /* Info.plist */,
			);
			path = "BeReal Clone";
			sourceTree = "<group>";
		};
		21203D3A29AF389D00F72BD6 /* models */ = {
			isa = PBXGroup;
			children = (
				21C1373029AF735800951493 /* User.swift */,
				21C1373229AF736700951493 /* Post.swift */,
			);
			path = models;
			sourceTree = "<group>";
		};
		21203D3B29AF38A500F72BD6 /* Login */ = {
			isa = PBXGroup;
			children = (
				21203D4529AF3E0500F72BD6 /* LoginViewController.swift */,
				21203D4729AF3E3C00F72BD6 /* SignUpViewController.swift */,
			);
			path = Login;
			sourceTree = "<group>";
		};
		21203D3C29AF38AF00F72BD6 /* Feed */ = {
			isa = PBXGroup;
			children = (
				21203D4929AF435C00F72BD6 /* FeedViewController.swift */,
				21C1372A29AF617C00951493 /* PostCell.swift */,
			);
			path = Feed;
			sourceTree = "<group>";
		};
		21203D3D29AF38B800F72BD6 /* Post */ = {
			isa = PBXGroup;
			children = (
				21203D4B29AF436F00F72BD6 /* PostViewController.swift */,
			);
			path = Post;
			sourceTree = "<group>";
		};
		21203D3E29AF390700F72BD6 /* Extensions */ = {
			isa = PBXGroup;
			children = (
				21C1373529AF7F2000951493 /* DateFormatter.swift */,
				21C1373729B824CE00951493 /* ViewController+Extensions.swift */,
			);
			path = Extensions;
			sourceTree = "<group>";
		};
/* End PBXGroup section */

/* Begin PBXNativeTarget section */
		21203D2229AF386300F72BD6 /* BeReal Clone */ = {
			isa = PBXNativeTarget;
			buildConfigurationList = 21203D3729AF386700F72BD6 /* Build configuration list for PBXNativeTarget "BeReal Clone" */;
			buildPhases = (
				21203D1F29AF386300F72BD6 /* Sources */,
				21203D2029AF386300F72BD6 /* Frameworks */,
				21203D2129AF386300F72BD6 /* Resources */,
			);
			buildRules = (
			);
			dependencies = (
			);
			name = "BeReal Clone";
			packageProductDependencies = (
				21203D4029AF3A3E00F72BD6 /* ParseSwift */,
				21203D4329AF3A6300F72BD6 /* AlamofireImage */,
				21C1372E29AF661500951493 /* InitialsImageView */,
			);
			productName = "BeReal Clone";
			productReference = 21203D2329AF386300F72BD6 /* BeReal Clone.app */;
			productType = "com.apple.product-type.application";
		};
/* End PBXNativeTarget section */

/* Begin PBXProject section */
		21203D1B29AF386200F72BD6 /* Project object */ = {
			isa = PBXProject;
			attributes = {
				BuildIndependentTargetsInParallel = 1;
				LastSwiftUpdateCheck = 1420;
				LastUpgradeCheck = 1420;
				TargetAttributes = {
					21203D2229AF386300F72BD6 = {
						CreatedOnToolsVersion = 14.2;
					};
				};
			};
			buildConfigurationList = 21203D1E29AF386200F72BD6 /* Build configuration list for PBXProject "BeReal Clone" */;
			compatibilityVersion = "Xcode 14.0";
			developmentRegion = en;
			hasScannedForEncodings = 0;
			knownRegions = (
				en,
				Base,
			);
			mainGroup = 21203D1A29AF386200F72BD6;
			packageReferences = (
				21203D3F29AF3A3E00F72BD6 /* XCRemoteSwiftPackageReference "Parse-Swift" */,
				21203D4229AF3A6300F72BD6 /* XCRemoteSwiftPackageReference "AlamofireImage" */,
				21C1372D29AF661500951493 /* XCRemoteSwiftPackageReference "InitialsImageView" */,
			);
			productRefGroup = 21203D2429AF386300F72BD6 /* Products */;
			projectDirPath = "";
			projectRoot = "";
			targets = (
				21203D2229AF386300F72BD6 /* BeReal Clone */,
			);
		};
/* End PBXProject section */

/* Begin PBXResourcesBuildPhase section */
		21203D2129AF386300F72BD6 /* Resources */ = {
			isa = PBXResourcesBuildPhase;
			buildActionMask = 2147483647;
			files = (
				21203D3329AF386700F72BD6 /* LaunchScreen.storyboard in Resources */,
				21203D3029AF386700F72BD6 /* Assets.xcassets in Resources */,
				21203D2E29AF386300F72BD6 /* Main.storyboard in Resources */,
			);
			runOnlyForDeploymentPostprocessing = 0;
		};
/* End PBXResourcesBuildPhase section */

/* Begin PBXSourcesBuildPhase section */
		21203D1F29AF386300F72BD6 /* Sources */ = {
			isa = PBXSourcesBuildPhase;
			buildActionMask = 2147483647;
			files = (
				21203D4629AF3E0500F72BD6 /* LoginViewController.swift in Sources */,
				21203D2B29AF386300F72BD6 /* ViewController.swift in Sources */,
				21203D4C29AF436F00F72BD6 /* PostViewController.swift in Sources */,
				21203D2729AF386300F72BD6 /* AppDelegate.swift in Sources */,
				21C1373829B824CE00951493 /* ViewController+Extensions.swift in Sources */,
				21203D2929AF386300F72BD6 /* SceneDelegate.swift in Sources */,
				21C1373629AF7F2000951493 /* DateFormatter.swift in Sources */,
				21C1373129AF735800951493 /* User.swift in Sources */,
				21203D4A29AF435C00F72BD6 /* FeedViewController.swift in Sources */,
				21203D4829AF3E3C00F72BD6 /* SignUpViewController.swift in Sources */,
				21C1372B29AF617C00951493 /* PostCell.swift in Sources */,
				21C1373329AF736700951493 /* Post.swift in Sources */,
			);
			runOnlyForDeploymentPostprocessing = 0;
		};
/* End PBXSourcesBuildPhase section */

/* Begin PBXVariantGroup section */
		21203D2C29AF386300F72BD6 /* Main.storyboard */ = {
			isa = PBXVariantGroup;
			children = (
				21203D2D29AF386300F72BD6 /* Base */,
			);
			name = Main.storyboard;
			sourceTree = "<group>";
		};
		21203D3129AF386700F72BD6 /* LaunchScreen.storyboard */ = {
			isa = PBXVariantGroup;
			children = (
				21203D3229AF386700F72BD6 /* Base */,
			);
			name = LaunchScreen.storyboard;
			sourceTree = "<group>";
		};
/* End PBXVariantGroup section */

/* Begin XCBuildConfiguration section */
		21203D3529AF386700F72BD6 /* Debug */ = {
			isa = XCBuildConfiguration;
			buildSettings = {
				ALWAYS_SEARCH_USER_PATHS = NO;
				CLANG_ANALYZER_NONNULL = YES;
				CLANG_ANALYZER_NUMBER_OBJECT_CONVERSION = YES_AGGRESSIVE;
				CLANG_CXX_LANGUAGE_STANDARD = "gnu++20";
				CLANG_ENABLE_MODULES = YES;
				CLANG_ENABLE_OBJC_ARC = YES;
				CLANG_ENABLE_OBJC_WEAK = YES;
				CLANG_WARN_BLOCK_CAPTURE_AUTORELEASING = YES;
				CLANG_WARN_BOOL_CONVERSION = YES;
				CLANG_WARN_COMMA = YES;
				CLANG_WARN_CONSTANT_CONVERSION = YES;
				CLANG_WARN_DEPRECATED_OBJC_IMPLEMENTATIONS = YES;
				CLANG_WARN_DIRECT_OBJC_ISA_USAGE = YES_ERROR;
				CLANG_WARN_DOCUMENTATION_COMMENTS = YES;
				CLANG_WARN_EMPTY_BODY = YES;
				CLANG_WARN_ENUM_CONVERSION = YES;
				CLANG_WARN_INFINITE_RECURSION = YES;
				CLANG_WARN_INT_CONVERSION = YES;
				CLANG_WARN_NON_LITERAL_NULL_CONVERSION = YES;
				CLANG_WARN_OBJC_IMPLICIT_RETAIN_SELF = YES;
				CLANG_WARN_OBJC_LITERAL_CONVERSION = YES;
				CLANG_WARN_OBJC_ROOT_CLASS = YES_ERROR;
				CLANG_WARN_QUOTED_INCLUDE_IN_FRAMEWORK_HEADER = YES;
				CLANG_WARN_RANGE_LOOP_ANALYSIS = YES;
				CLANG_WARN_STRICT_PROTOTYPES = YES;
				CLANG_WARN_SUSPICIOUS_MOVE = YES;
				CLANG_WARN_UNGUARDED_AVAILABILITY = YES_AGGRESSIVE;
				CLANG_WARN_UNREACHABLE_CODE = YES;
				CLANG_WARN__DUPLICATE_METHOD_MATCH = YES;
				COPY_PHASE_STRIP = NO;
				DEBUG_INFORMATION_FORMAT = dwarf;
				ENABLE_STRICT_OBJC_MSGSEND = YES;
				ENABLE_TESTABILITY = YES;
				GCC_C_LANGUAGE_STANDARD = gnu11;
				GCC_DYNAMIC_NO_PIC = NO;
				GCC_NO_COMMON_BLOCKS = YES;
				GCC_OPTIMIZATION_LEVEL = 0;
				GCC_PREPROCESSOR_DEFINITIONS = (
					"DEBUG=1",
					"$(inherited)",
				);
				GCC_WARN_64_TO_32_BIT_CONVERSION = YES;
				GCC_WARN_ABOUT_RETURN_TYPE = YES_ERROR;
				GCC_WARN_UNDECLARED_SELECTOR = YES;
				GCC_WARN_UNINITIALIZED_AUTOS = YES_AGGRESSIVE;
				GCC_WARN_UNUSED_FUNCTION = YES;
				GCC_WARN_UNUSED_VARIABLE = YES;
				IPHONEOS_DEPLOYMENT_TARGET = 16.2;
				MTL_ENABLE_DEBUG_INFO = INCLUDE_SOURCE;
				MTL_FAST_MATH = YES;
				ONLY_ACTIVE_ARCH = YES;
				SDKROOT = iphoneos;
				SWIFT_ACTIVE_COMPILATION_CONDITIONS = DEBUG;
				SWIFT_OPTIMIZATION_LEVEL = "-Onone";
			};
			name = Debug;
		};
		21203D3629AF386700F72BD6 /* Release */ = {
			isa = XCBuildConfiguration;
			buildSettings = {
				ALWAYS_SEARCH_USER_PATHS = NO;
				CLANG_ANALYZER_NONNULL = YES;
				CLANG_ANALYZER_NUMBER_OBJECT_CONVERSION = YES_AGGRESSIVE;
				CLANG_CXX_LANGUAGE_STANDARD = "gnu++20";
				CLANG_ENABLE_MODULES = YES;
				CLANG_ENABLE_OBJC_ARC = YES;
				CLANG_ENABLE_OBJC_WEAK = YES;
				CLANG_WARN_BLOCK_CAPTURE_AUTORELEASING = YES;
				CLANG_WARN_BOOL_CONVERSION = YES;
				CLANG_WARN_COMMA = YES;
				CLANG_WARN_CONSTANT_CONVERSION = YES;
				CLANG_WARN_DEPRECATED_OBJC_IMPLEMENTATIONS = YES;
				CLANG_WARN_DIRECT_OBJC_ISA_USAGE = YES_ERROR;
				CLANG_WARN_DOCUMENTATION_COMMENTS = YES;
				CLANG_WARN_EMPTY_BODY = YES;
				CLANG_WARN_ENUM_CONVERSION = YES;
				CLANG_WARN_INFINITE_RECURSION = YES;
				CLANG_WARN_INT_CONVERSION = YES;
				CLANG_WARN_NON_LITERAL_NULL_CONVERSION = YES;
				CLANG_WARN_OBJC_IMPLICIT_RETAIN_SELF = YES;
				CLANG_WARN_OBJC_LITERAL_CONVERSION = YES;
				CLANG_WARN_OBJC_ROOT_CLASS = YES_ERROR;
				CLANG_WARN_QUOTED_INCLUDE_IN_FRAMEWORK_HEADER = YES;
				CLANG_WARN_RANGE_LOOP_ANALYSIS = YES;
				CLANG_WARN_STRICT_PROTOTYPES = YES;
				CLANG_WARN_SUSPICIOUS_MOVE = YES;
				CLANG_WARN_UNGUARDED_AVAILABILITY = YES_AGGRESSIVE;
				CLANG_WARN_UNREACHABLE_CODE = YES;
				CLANG_WARN__DUPLICATE_METHOD_MATCH = YES;
				COPY_PHASE_STRIP = NO;
				DEBUG_INFORMATION_FORMAT = "dwarf-with-dsym";
				ENABLE_NS_ASSERTIONS = NO;
				ENABLE_STRICT_OBJC_MSGSEND = YES;
				GCC_C_LANGUAGE_STANDARD = gnu11;
				GCC_NO_COMMON_BLOCKS = YES;
				GCC_WARN_64_TO_32_BIT_CONVERSION = YES;
				GCC_WARN_ABOUT_RETURN_TYPE = YES_ERROR;
				GCC_WARN_UNDECLARED_SELECTOR = YES;
				GCC_WARN_UNINITIALIZED_AUTOS = YES_AGGRESSIVE;
				GCC_WARN_UNUSED_FUNCTION = YES;
				GCC_WARN_UNUSED_VARIABLE = YES;
				IPHONEOS_DEPLOYMENT_TARGET = 16.2;
				MTL_ENABLE_DEBUG_INFO = NO;
				MTL_FAST_MATH = YES;
				SDKROOT = iphoneos;
				SWIFT_COMPILATION_MODE = wholemodule;
				SWIFT_OPTIMIZATION_LEVEL = "-O";
				VALIDATE_PRODUCT = YES;
			};
			name = Release;
		};
		21203D3829AF386700F72BD6 /* Debug */ = {
			isa = XCBuildConfiguration;
			buildSettings = {
				ASSETCATALOG_COMPILER_APPICON_NAME = AppIcon;
				ASSETCATALOG_COMPILER_GLOBAL_ACCENT_COLOR_NAME = AccentColor;
				CODE_SIGN_STYLE = Automatic;
				CURRENT_PROJECT_VERSION = 1;
				DEVELOPMENT_TEAM = P534JX88J6;
				GENERATE_INFOPLIST_FILE = YES;
				INFOPLIST_FILE = "BeReal Clone/Info.plist";
				INFOPLIST_KEY_UIApplicationSupportsIndirectInputEvents = YES;
				INFOPLIST_KEY_UILaunchStoryboardName = LaunchScreen;
				INFOPLIST_KEY_UIMainStoryboardFile = Main;
				INFOPLIST_KEY_UISupportedInterfaceOrientations_iPad = "UIInterfaceOrientationPortrait UIInterfaceOrientationPortraitUpsideDown UIInterfaceOrientationLandscapeLeft UIInterfaceOrientationLandscapeRight";
				INFOPLIST_KEY_UISupportedInterfaceOrientations_iPhone = "UIInterfaceOrientationPortrait UIInterfaceOrientationLandscapeLeft UIInterfaceOrientationLandscapeRight";
				LD_RUNPATH_SEARCH_PATHS = (
					"$(inherited)",
					"@executable_path/Frameworks",
				);
				MARKETING_VERSION = 1.0;
				PRODUCT_BUNDLE_IDENTIFIER = "anthonyKpurdy.BeReal-Clone";
				PRODUCT_NAME = "$(TARGET_NAME)";
				SWIFT_EMIT_LOC_STRINGS = YES;
				SWIFT_VERSION = 5.0;
				TARGETED_DEVICE_FAMILY = "1,2";
			};
			name = Debug;
		};
		21203D3929AF386700F72BD6 /* Release */ = {
			isa = XCBuildConfiguration;
			buildSettings = {
				ASSETCATALOG_COMPILER_APPICON_NAME = AppIcon;
				ASSETCATALOG_COMPILER_GLOBAL_ACCENT_COLOR_NAME = AccentColor;
				CODE_SIGN_STYLE = Automatic;
				CURRENT_PROJECT_VERSION = 1;
				DEVELOPMENT_TEAM = P534JX88J6;
				GENERATE_INFOPLIST_FILE = YES;
				INFOPLIST_FILE = "BeReal Clone/Info.plist";
				INFOPLIST_KEY_UIApplicationSupportsIndirectInputEvents = YES;
				INFOPLIST_KEY_UILaunchStoryboardName = LaunchScreen;
				INFOPLIST_KEY_UIMainStoryboardFile = Main;
				INFOPLIST_KEY_UISupportedInterfaceOrientations_iPad = "UIInterfaceOrientationPortrait UIInterfaceOrientationPortraitUpsideDown UIInterfaceOrientationLandscapeLeft UIInterfaceOrientationLandscapeRight";
				INFOPLIST_KEY_UISupportedInterfaceOrientations_iPhone = "UIInterfaceOrientationPortrait UIInterfaceOrientationLandscapeLeft UIInterfaceOrientationLandscapeRight";
				LD_RUNPATH_SEARCH_PATHS = (
					"$(inherited)",
					"@executable_path/Frameworks",
				);
				MARKETING_VERSION = 1.0;
				PRODUCT_BUNDLE_IDENTIFIER = "anthonyKpurdy.BeReal-Clone";
				PRODUCT_NAME = "$(TARGET_NAME)";
				SWIFT_EMIT_LOC_STRINGS = YES;
				SWIFT_VERSION = 5.0;
				TARGETED_DEVICE_FAMILY = "1,2";
			};
			name = Release;
		};
/* End XCBuildConfiguration section */

/* Begin XCConfigurationList section */
		21203D1E29AF386200F72BD6 /* Build configuration list for PBXProject "BeReal Clone" */ = {
			isa = XCConfigurationList;
			buildConfigurations = (
				21203D3529AF386700F72BD6 /* Debug */,
				21203D3629AF386700F72BD6 /* Release */,
			);
			defaultConfigurationIsVisible = 0;
			defaultConfigurationName = Release;
		};
		21203D3729AF386700F72BD6 /* Build configuration list for PBXNativeTarget "BeReal Clone" */ = {
			isa = XCConfigurationList;
			buildConfigurations = (
				21203D3829AF386700F72BD6 /* Debug */,
				21203D3929AF386700F72BD6 /* Release */,
			);
			defaultConfigurationIsVisible = 0;
			defaultConfigurationName = Release;
		};
/* End XCConfigurationList section */

/* Begin XCRemoteSwiftPackageReference section */
		21203D3F29AF3A3E00F72BD6 /* XCRemoteSwiftPackageReference "Parse-Swift" */ = {
			isa = XCRemoteSwiftPackageReference;
			repositoryURL = "https://github.com/parse-community/Parse-Swift";
			requirement = {
				kind = upToNextMajorVersion;
				minimumVersion = 4.0.0;
			};
		};
		21203D4229AF3A6300F72BD6 /* XCRemoteSwiftPackageReference "AlamofireImage" */ = {
			isa = XCRemoteSwiftPackageReference;
			repositoryURL = "https://github.com/Alamofire/AlamofireImage.git";
			requirement = {
				kind = upToNextMajorVersion;
				minimumVersion = 4.0.0;
			};
		};
		21C1372D29AF661500951493 /* XCRemoteSwiftPackageReference "InitialsImageView" */ = {
			isa = XCRemoteSwiftPackageReference;
			repositoryURL = "https://github.com/bachonk/InitialsImageView";
			requirement = {
				kind = upToNextMajorVersion;
				minimumVersion = 0.8.0;
			};
		};
/* End XCRemoteSwiftPackageReference section */

/* Begin XCSwiftPackageProductDependency section */
		21203D4029AF3A3E00F72BD6 /* ParseSwift */ = {
			isa = XCSwiftPackageProductDependency;
			package = 21203D3F29AF3A3E00F72BD6 /* XCRemoteSwiftPackageReference "Parse-Swift" */;
			productName = ParseSwift;
		};
		21203D4329AF3A6300F72BD6 /* AlamofireImage */ = {
			isa = XCSwiftPackageProductDependency;
			package = 21203D4229AF3A6300F72BD6 /* XCRemoteSwiftPackageReference "AlamofireImage" */;
			productName = AlamofireImage;
		};
		21C1372E29AF661500951493 /* InitialsImageView */ = {
			isa = XCSwiftPackageProductDependency;
			package = 21C1372D29AF661500951493 /* XCRemoteSwiftPackageReference "InitialsImageView" */;
			productName = InitialsImageView;
		};
/* End XCSwiftPackageProductDependency section */
	};
	rootObject = 21203D1B29AF386200F72BD6 /* Project object */;
}
